
Microsoft Visual Studio Solution File, Format Version 12.00
# Visual Studio Version 17
VisualStudioVersion = 17.11.35312.102
MinimumVisualStudioVersion = 10.0.40219.1
Project("{2150E333-8FDC-42A3-9474-1A3956D46DE8}") = "Task0", "Task0", "{F7EB5182-B14A-4EE8-8DD3-21428227E13A}"
EndProject
Project("{9A19103F-16F7-4668-BE54-9A1E7A4F7556}") = "Tyuiu.MasalimovTR.Sprint1.Task0.V4", "Tyuiu.MasalimovTR.Sprint1.Task0.V4\Tyuiu.MasalimovTR.Sprint1.Task0.V4.csproj", "{9B412AC9-1D65-47D3-96D0-A0F9BBBBB600}"
EndProject
Project("{9A19103F-16F7-4668-BE54-9A1E7A4F7556}") = "Tyuiu.MasalimovTR.Sprint1.Task0.V4.Lib", "Tyuiu.MasalimovTR.Sprint1.Task0.V4.Lib\Tyuiu.MasalimovTR.Sprint1.Task0.V4.Lib.csproj", "{FD21A824-B313-4644-83B1-0C1BF5874E20}"
EndProject
Project("{9A19103F-16F7-4668-BE54-9A1E7A4F7556}") = "Tyuiu.MasalimovTR.Sprint1.Task0.V4.Test", "Tyuiu.MasalimovTR.Sprint1.Task0.V4.Test\Tyuiu.MasalimovTR.Sprint1.Task0.V4.Test.csproj", "{522CF1C9-F27E-41D7-8289-FF8206548DF2}"
EndProject
Project("{2150E333-8FDC-42A3-9474-1A3956D46DE8}") = "Task1", "Task1", "{E9D03979-72ED-4162-8A99-FC9C41F84E94}"
EndProject
Project("{FAE04EC0-301F-11D3-BF4B-00C04F79EFBC}") = "Tyuiu.MasalimovTR.Sprint1.Task1.V21", "Tyuiu.MasalimovTR.Sprint1.Task1.V21\Tyuiu.MasalimovTR.Sprint1.Task1.V21.csproj", "{890DCAA8-8FBC-4342-8DBF-68D4736CF812}"
EndProject
Project("{FAE04EC0-301F-11D3-BF4B-00C04F79EFBC}") = "Tyuiu.MasalimovTR.Sprint1.Task1.V21.Test", "Tyuiu.MasalimovTR.Sprint1.Task1.V21.Test\Tyuiu.MasalimovTR.Sprint1.Task1.V21.Test.csproj", "{1B613F1B-32D5-46FE-8D32-1B93E8DC95CE}"
EndProject
Project("{FAE04EC0-301F-11D3-BF4B-00C04F79EFBC}") = "Tyuiu.MasalimovTR.Sprint1.Task1.V21.Lib", "Tyuiu.MasalimovTR.Sprint1.Task1.V21.Lib\Tyuiu.MasalimovTR.Sprint1.Task1.V21.Lib.csproj", "{87A29785-D338-4B6B-8F49-E1499463A00A}"
EndProject
Project("{2150E333-8FDC-42A3-9474-1A3956D46DE8}") = "Task2", "Task2", "{FC69C0BF-394E-49BA-92B3-9B7B0210E89B}"
EndProject
Project("{FAE04EC0-301F-11D3-BF4B-00C04F79EFBC}") = "Tyuiu.MasalimovTR.Sprint1.Task2.V23.Lib", "ClassLibrary1\Tyuiu.MasalimovTR.Sprint1.Task2.V23.Lib.csproj", "{F6EEA81E-A5E4-475E-A706-D5AC36D5374D}"
EndProject
Project("{FAE04EC0-301F-11D3-BF4B-00C04F79EFBC}") = "Tyuiu.MasalimovTR.Sprint1.Task2.V23", "Tyuiu.MasalimovTR.Sprint1.Task2.V23\Tyuiu.MasalimovTR.Sprint1.Task2.V23.csproj", "{E57E98A9-9D3A-4AFC-ADB6-29B31707C2A2}"
EndProject
Project("{FAE04EC0-301F-11D3-BF4B-00C04F79EFBC}") = "Tyuiu.MasalimovTR.Sprint1.Task2.V23.Test", "Tyuiu.MasalimovTR.Sprint1.Task2.V23.Test\Tyuiu.MasalimovTR.Sprint1.Task2.V23.Test.csproj", "{502D748F-A275-4033-AA66-8C30D07737A1}"
EndProject
Project("{2150E333-8FDC-42A3-9474-1A3956D46DE8}") = "Task3", "Task3", "{3BEDD369-FD01-4BC8-BE0D-07BDA069A9A7}"
EndProject
Project("{2150E333-8FDC-42A3-9474-1A3956D46DE8}") = "Task4", "Task4", "{2EC94382-6BA1-406E-824C-DDDAE14A6AA8}"
EndProject
Project("{2150E333-8FDC-42A3-9474-1A3956D46DE8}") = "Task5", "Task5", "{88866880-A9C9-4120-8410-D64C702A9515}"
EndProject
Project("{2150E333-8FDC-42A3-9474-1A3956D46DE8}") = "Task6", "Task6", "{79EADF18-AC90-4CD7-8094-76DEF94CB460}"
EndProject
Project("{2150E333-8FDC-42A3-9474-1A3956D46DE8}") = "Task7", "Task7", "{4A18349E-4ABE-4F2E-82A8-4BE0F46AC067}"
EndProject
Project("{FAE04EC0-301F-11D3-BF4B-00C04F79EFBC}") = "Tyuiu.MasalimovTR.Sprint1.Task3.V2", "Tyuiu.MasalimovTR.Sprint1.Task3.V2\Tyuiu.MasalimovTR.Sprint1.Task3.V2.csproj", "{24B3B5D7-EEE2-4CAE-923B-4E141469088D}"
EndProject
Project("{FAE04EC0-301F-11D3-BF4B-00C04F79EFBC}") = "Tyuiu.MasalimovTR.Sprint1.Task3.V2.Test", "Tyuiu.MasalimovTR.Sprint1.Task3.V2.Test\Tyuiu.MasalimovTR.Sprint1.Task3.V2.Test.csproj", "{CE1F327D-4BD9-433A-A1AD-0C4F1FEC2F1A}"
EndProject
Project("{FAE04EC0-301F-11D3-BF4B-00C04F79EFBC}") = "Tyuiu.MasalimovTR.Sprint1.Task3.V2.Lib", "Tyuiu.MasalimovTR.Sprint1.Task3.V2.Lib\Tyuiu.MasalimovTR.Sprint1.Task3.V2.Lib.csproj", "{55D8C53B-90B6-43F8-808E-1970E0F86022}"
EndProject
Project("{FAE04EC0-301F-11D3-BF4B-00C04F79EFBC}") = "Tyuiu.MasalimovTR.Sprint1.Task4.V27.Lib", "Tyuiu.MasalimovTR.Sprint1.Task4.V27.Lib\Tyuiu.MasalimovTR.Sprint1.Task4.V27.Lib.csproj", "{D53CAAD9-7525-40CE-B590-2A22607B64DA}"
EndProject
Project("{FAE04EC0-301F-11D3-BF4B-00C04F79EFBC}") = "Tyuiu.MasalimovTR.Sprint1.Task4.V27.Test", "Tyuiu.MasalimovTR.Sprint1.Task4.V27.Test\Tyuiu.MasalimovTR.Sprint1.Task4.V27.Test.csproj", "{055D0B12-957C-427A-97CF-43E375A72551}"
EndProject
Project("{FAE04EC0-301F-11D3-BF4B-00C04F79EFBC}") = "Tyuiu.MasalimovTR.Sprint1.Task4.V27", "Tyuiu.MasalimovTR.Sprint1.Task4.V27\Tyuiu.MasalimovTR.Sprint1.Task4.V27.csproj", "{BB59935B-6B14-4662-B1A3-33AE3C54ADAF}"
EndProject
Global
	GlobalSection(SolutionConfigurationPlatforms) = preSolution
		Debug|Any CPU = Debug|Any CPU
		Release|Any CPU = Release|Any CPU
	EndGlobalSection
	GlobalSection(ProjectConfigurationPlatforms) = postSolution
		{9B412AC9-1D65-47D3-96D0-A0F9BBBBB600}.Debug|Any CPU.ActiveCfg = Debug|Any CPU
		{9B412AC9-1D65-47D3-96D0-A0F9BBBBB600}.Debug|Any CPU.Build.0 = Debug|Any CPU
		{9B412AC9-1D65-47D3-96D0-A0F9BBBBB600}.Release|Any CPU.ActiveCfg = Release|Any CPU
		{9B412AC9-1D65-47D3-96D0-A0F9BBBBB600}.Release|Any CPU.Build.0 = Release|Any CPU
		{FD21A824-B313-4644-83B1-0C1BF5874E20}.Debug|Any CPU.ActiveCfg = Debug|Any CPU
		{FD21A824-B313-4644-83B1-0C1BF5874E20}.Debug|Any CPU.Build.0 = Debug|Any CPU
		{FD21A824-B313-4644-83B1-0C1BF5874E20}.Release|Any CPU.ActiveCfg = Release|Any CPU
		{FD21A824-B313-4644-83B1-0C1BF5874E20}.Release|Any CPU.Build.0 = Release|Any CPU
		{522CF1C9-F27E-41D7-8289-FF8206548DF2}.Debug|Any CPU.ActiveCfg = Debug|Any CPU
		{522CF1C9-F27E-41D7-8289-FF8206548DF2}.Debug|Any CPU.Build.0 = Debug|Any CPU
		{522CF1C9-F27E-41D7-8289-FF8206548DF2}.Release|Any CPU.ActiveCfg = Release|Any CPU
		{522CF1C9-F27E-41D7-8289-FF8206548DF2}.Release|Any CPU.Build.0 = Release|Any CPU
		{890DCAA8-8FBC-4342-8DBF-68D4736CF812}.Debug|Any CPU.ActiveCfg = Debug|Any CPU
		{890DCAA8-8FBC-4342-8DBF-68D4736CF812}.Debug|Any CPU.Build.0 = Debug|Any CPU
		{890DCAA8-8FBC-4342-8DBF-68D4736CF812}.Release|Any CPU.ActiveCfg = Release|Any CPU
		{890DCAA8-8FBC-4342-8DBF-68D4736CF812}.Release|Any CPU.Build.0 = Release|Any CPU
		{1B613F1B-32D5-46FE-8D32-1B93E8DC95CE}.Debug|Any CPU.ActiveCfg = Debug|Any CPU
		{1B613F1B-32D5-46FE-8D32-1B93E8DC95CE}.Debug|Any CPU.Build.0 = Debug|Any CPU
		{1B613F1B-32D5-46FE-8D32-1B93E8DC95CE}.Release|Any CPU.ActiveCfg = Release|Any CPU
		{1B613F1B-32D5-46FE-8D32-1B93E8DC95CE}.Release|Any CPU.Build.0 = Release|Any CPU
		{87A29785-D338-4B6B-8F49-E1499463A00A}.Debug|Any CPU.ActiveCfg = Debug|Any CPU
		{87A29785-D338-4B6B-8F49-E1499463A00A}.Debug|Any CPU.Build.0 = Debug|Any CPU
		{87A29785-D338-4B6B-8F49-E1499463A00A}.Release|Any CPU.ActiveCfg = Release|Any CPU
		{87A29785-D338-4B6B-8F49-E1499463A00A}.Release|Any CPU.Build.0 = Release|Any CPU
		{F6EEA81E-A5E4-475E-A706-D5AC36D5374D}.Debug|Any CPU.ActiveCfg = Debug|Any CPU
		{F6EEA81E-A5E4-475E-A706-D5AC36D5374D}.Debug|Any CPU.Build.0 = Debug|Any CPU
		{F6EEA81E-A5E4-475E-A706-D5AC36D5374D}.Release|Any CPU.ActiveCfg = Release|Any CPU
		{F6EEA81E-A5E4-475E-A706-D5AC36D5374D}.Release|Any CPU.Build.0 = Release|Any CPU
		{E57E98A9-9D3A-4AFC-ADB6-29B31707C2A2}.Debug|Any CPU.ActiveCfg = Debug|Any CPU
		{E57E98A9-9D3A-4AFC-ADB6-29B31707C2A2}.Debug|Any CPU.Build.0 = Debug|Any CPU
		{E57E98A9-9D3A-4AFC-ADB6-29B31707C2A2}.Release|Any CPU.ActiveCfg = Release|Any CPU
		{E57E98A9-9D3A-4AFC-ADB6-29B31707C2A2}.Release|Any CPU.Build.0 = Release|Any CPU
		{502D748F-A275-4033-AA66-8C30D07737A1}.Debug|Any CPU.ActiveCfg = Debug|Any CPU
		{502D748F-A275-4033-AA66-8C30D07737A1}.Debug|Any CPU.Build.0 = Debug|Any CPU
		{502D748F-A275-4033-AA66-8C30D07737A1}.Release|Any CPU.ActiveCfg = Release|Any CPU
		{502D748F-A275-4033-AA66-8C30D07737A1}.Release|Any CPU.Build.0 = Release|Any CPU
		{24B3B5D7-EEE2-4CAE-923B-4E141469088D}.Debug|Any CPU.ActiveCfg = Debug|Any CPU
		{24B3B5D7-EEE2-4CAE-923B-4E141469088D}.Debug|Any CPU.Build.0 = Debug|Any CPU
		{24B3B5D7-EEE2-4CAE-923B-4E141469088D}.Release|Any CPU.ActiveCfg = Release|Any CPU
		{24B3B5D7-EEE2-4CAE-923B-4E141469088D}.Release|Any CPU.Build.0 = Release|Any CPU
		{CE1F327D-4BD9-433A-A1AD-0C4F1FEC2F1A}.Debug|Any CPU.ActiveCfg = Debug|Any CPU
		{CE1F327D-4BD9-433A-A1AD-0C4F1FEC2F1A}.Debug|Any CPU.Build.0 = Debug|Any CPU
		{CE1F327D-4BD9-433A-A1AD-0C4F1FEC2F1A}.Release|Any CPU.ActiveCfg = Release|Any CPU
		{CE1F327D-4BD9-433A-A1AD-0C4F1FEC2F1A}.Release|Any CPU.Build.0 = Release|Any CPU
		{55D8C53B-90B6-43F8-808E-1970E0F86022}.Debug|Any CPU.ActiveCfg = Debug|Any CPU
		{55D8C53B-90B6-43F8-808E-1970E0F86022}.Debug|Any CPU.Build.0 = Debug|Any CPU
		{55D8C53B-90B6-43F8-808E-1970E0F86022}.Release|Any CPU.ActiveCfg = Release|Any CPU
		{55D8C53B-90B6-43F8-808E-1970E0F86022}.Release|Any CPU.Build.0 = Release|Any CPU
		{D53CAAD9-7525-40CE-B590-2A22607B64DA}.Debug|Any CPU.ActiveCfg = Debug|Any CPU
		{D53CAAD9-7525-40CE-B590-2A22607B64DA}.Debug|Any CPU.Build.0 = Debug|Any CPU
		{D53CAAD9-7525-40CE-B590-2A22607B64DA}.Release|Any CPU.ActiveCfg = Release|Any CPU
		{D53CAAD9-7525-40CE-B590-2A22607B64DA}.Release|Any CPU.Build.0 = Release|Any CPU
		{055D0B12-957C-427A-97CF-43E375A72551}.Debug|Any CPU.ActiveCfg = Debug|Any CPU
		{055D0B12-957C-427A-97CF-43E375A72551}.Debug|Any CPU.Build.0 = Debug|Any CPU
		{055D0B12-957C-427A-97CF-43E375A72551}.Release|Any CPU.ActiveCfg = Release|Any CPU
		{055D0B12-957C-427A-97CF-43E375A72551}.Release|Any CPU.Build.0 = Release|Any CPU
		{BB59935B-6B14-4662-B1A3-33AE3C54ADAF}.Debug|Any CPU.ActiveCfg = Debug|Any CPU
		{BB59935B-6B14-4662-B1A3-33AE3C54ADAF}.Debug|Any CPU.Build.0 = Debug|Any CPU
		{BB59935B-6B14-4662-B1A3-33AE3C54ADAF}.Release|Any CPU.ActiveCfg = Release|Any CPU
		{BB59935B-6B14-4662-B1A3-33AE3C54ADAF}.Release|Any CPU.Build.0 = Release|Any CPU
	EndGlobalSection
	GlobalSection(SolutionProperties) = preSolution
		HideSolutionNode = FALSE
	EndGlobalSection
	GlobalSection(NestedProjects) = preSolution
		{9B412AC9-1D65-47D3-96D0-A0F9BBBBB600} = {F7EB5182-B14A-4EE8-8DD3-21428227E13A}
		{FD21A824-B313-4644-83B1-0C1BF5874E20} = {F7EB5182-B14A-4EE8-8DD3-21428227E13A}
		{522CF1C9-F27E-41D7-8289-FF8206548DF2} = {F7EB5182-B14A-4EE8-8DD3-21428227E13A}
		{890DCAA8-8FBC-4342-8DBF-68D4736CF812} = {E9D03979-72ED-4162-8A99-FC9C41F84E94}
		{1B613F1B-32D5-46FE-8D32-1B93E8DC95CE} = {E9D03979-72ED-4162-8A99-FC9C41F84E94}
		{87A29785-D338-4B6B-8F49-E1499463A00A} = {E9D03979-72ED-4162-8A99-FC9C41F84E94}
		{F6EEA81E-A5E4-475E-A706-D5AC36D5374D} = {FC69C0BF-394E-49BA-92B3-9B7B0210E89B}
		{E57E98A9-9D3A-4AFC-ADB6-29B31707C2A2} = {FC69C0BF-394E-49BA-92B3-9B7B0210E89B}
		{502D748F-A275-4033-AA66-8C30D07737A1} = {FC69C0BF-394E-49BA-92B3-9B7B0210E89B}
		{24B3B5D7-EEE2-4CAE-923B-4E141469088D} = {3BEDD369-FD01-4BC8-BE0D-07BDA069A9A7}
		{CE1F327D-4BD9-433A-A1AD-0C4F1FEC2F1A} = {3BEDD369-FD01-4BC8-BE0D-07BDA069A9A7}
		{55D8C53B-90B6-43F8-808E-1970E0F86022} = {3BEDD369-FD01-4BC8-BE0D-07BDA069A9A7}
		{D53CAAD9-7525-40CE-B590-2A22607B64DA} = {2EC94382-6BA1-406E-824C-DDDAE14A6AA8}
		{055D0B12-957C-427A-97CF-43E375A72551} = {2EC94382-6BA1-406E-824C-DDDAE14A6AA8}
		{BB59935B-6B14-4662-B1A3-33AE3C54ADAF} = {2EC94382-6BA1-406E-824C-DDDAE14A6AA8}
	EndGlobalSection
	GlobalSection(ExtensibilityGlobals) = postSolution
		SolutionGuid = {6C2D0DBF-26F5-48B3-AC40-29F57BFE1156}
	EndGlobalSection
EndGlobal
